
Microsoft Visual Studio Solution File, Format Version 12.00
# Visual Studio 15
VisualStudioVersion = 15.0.27004.2006
MinimumVisualStudioVersion = 10.0.40219.1
Project("{FAE04EC0-301F-11D3-BF4B-00C04F79EFBC}") = "MoBot", "MoBot\MoBot.csproj", "{8CF00D20-4782-4D01-B3A9-285EF7A18698}"
EndProject
Project("{FAE04EC0-301F-11D3-BF4B-00C04F79EFBC}") = "ExcaliburAuth", "ExcaliburAuth\ExcaliburAuth.csproj", "{7800DC4C-2403-4A8C-9638-EF2ED5A63CD3}"
	ProjectSection(ProjectDependencies) = postProject
		{8CF00D20-4782-4D01-B3A9-285EF7A18698} = {8CF00D20-4782-4D01-B3A9-285EF7A18698}
	EndProjectSection
EndProject
Project("{FAE04EC0-301F-11D3-BF4B-00C04F79EFBC}") = "ExcaliburLauncher", "ExcaliburLauncher\ExcaliburLauncher.csproj", "{54343CB6-0826-4851-9360-576314B6433D}"
EndProject
Global
	GlobalSection(SolutionConfigurationPlatforms) = preSolution
		Debug|Any CPU = Debug|Any CPU
		Release|Any CPU = Release|Any CPU
	EndGlobalSection
	GlobalSection(ProjectConfigurationPlatforms) = postSolution
		{8CF00D20-4782-4D01-B3A9-285EF7A18698}.Debug|Any CPU.ActiveCfg = Debug|Any CPU
		{8CF00D20-4782-4D01-B3A9-285EF7A18698}.Debug|Any CPU.Build.0 = Debug|Any CPU
		{8CF00D20-4782-4D01-B3A9-285EF7A18698}.Release|Any CPU.ActiveCfg = Release|Any CPU
		{8CF00D20-4782-4D01-B3A9-285EF7A18698}.Release|Any CPU.Build.0 = Release|Any CPU
		{7800DC4C-2403-4A8C-9638-EF2ED5A63CD3}.Debug|Any CPU.ActiveCfg = Debug|Any CPU
		{7800DC4C-2403-4A8C-9638-EF2ED5A63CD3}.Debug|Any CPU.Build.0 = Debug|Any CPU
		{7800DC4C-2403-4A8C-9638-EF2ED5A63CD3}.Release|Any CPU.ActiveCfg = Release|Any CPU
		{7800DC4C-2403-4A8C-9638-EF2ED5A63CD3}.Release|Any CPU.Build.0 = Release|Any CPU
		{54343CB6-0826-4851-9360-576314B6433D}.Debug|Any CPU.ActiveCfg = Debug|Any CPU
		{54343CB6-0826-4851-9360-576314B6433D}.Debug|Any CPU.Build.0 = Debug|Any CPU
		{54343CB6-0826-4851-9360-576314B6433D}.Release|Any CPU.ActiveCfg = Release|Any CPU
		{54343CB6-0826-4851-9360-576314B6433D}.Release|Any CPU.Build.0 = Release|Any CPU
	EndGlobalSection
	GlobalSection(SolutionProperties) = preSolution
		HideSolutionNode = FALSE
	EndGlobalSection
	GlobalSection(ExtensibilityGlobals) = postSolution
		SolutionGuid = {A8BDEBED-6148-44EE-9716-461888BF225B}
	EndGlobalSection
EndGlobal
